
Microsoft Visual Studio Solution File, Format Version 12.00
# Visual Studio 15
Project("{FAE04EC0-301F-11D3-BF4B-00C04F79EFBC}") = "BankofDotNet", "BankofDotNet.csproj", "{527447DB-2B4F-460F-8C7C-448B530C1121}"
EndProject
Global
	GlobalSection(SolutionConfigurationPlatforms) = preSolution
		Debug|Any CPU = Debug|Any CPU
		Release|Any CPU = Release|Any CPU
	EndGlobalSection
	GlobalSection(ProjectConfigurationPlatforms) = postSolution
		{527447DB-2B4F-460F-8C7C-448B530C1121}.Debug|Any CPU.ActiveCfg = Debug|Any CPU
		{527447DB-2B4F-460F-8C7C-448B530C1121}.Debug|Any CPU.Build.0 = Debug|Any CPU
		{527447DB-2B4F-460F-8C7C-448B530C1121}.Release|Any CPU.ActiveCfg = Release|Any CPU
		{527447DB-2B4F-460F-8C7C-448B530C1121}.Release|Any CPU.Build.0 = Release|Any CPU
	EndGlobalSection
EndGlobal
